# This file is automatically @generated by Cargo.
# It is not intended for manual editing.
version = 4

[[package]]
name = "chrono"
version = "0.4.19"
source = "registry+https://github.com/rust-lang/crates.io-index"
checksum = "670ad68548c33c1e5a11f4e64f8e25d40d9f800b6563940ab58e9e0d3d6b32c0"
dependencies = [
 "time 0.1.44",
]

[[package]]
name = "example-rust-cargo"
version = "0.1.0"
dependencies = [
 "chrono",
 "serde",
 "serde_json",
 "tempfile",
 "time 0.1.44",
]

[[package]]
name = "serde"
version = "1.0.210"
source = "registry+https://github.com/rust-lang/crates.io-index"
checksum = "c8e3592472232359a4943e4b63e62e5558b97f0ca8d83e2a80c1cdf64ced7bfc"

[[package]]
name = "serde_json"
version = "1.0.127"
source = "registry+https://github.com/rust-lang/crates.io-index"
checksum = "8d69166c18f80d8048f9eb0adf0c69a95c9e4bfe3c7adc8ecbb9dfb3625ed6a7"
dependencies = [
 "serde",
]

[[package]]
name = "tempfile"
version = "3.8.1"
source = "registry+https://github.com/rust-lang/crates.io-index"
checksum = "7ef1adac450ad7f4b3c28589471ade84f25f731a7a0fe30d71dfa9f60fd808e5"

[[package]]
name = "time"
version = "0.1.44"
source = "registry+https://github.com/rust-lang/crates.io-index"
checksum = "6db9b6914196a7f20dd80d80f3b74c5f84bb7f6ab8ad0eefc82c8b8b8bbbfc9f"
